// !$*UTF8*$!
{
	archiveVersion = 1;
	classes = {
	};
	objectVersion = 55;
	objects = {

/* Begin PBXBuildFile section */
		18B6BDF450F7E462685324DD /* Pods_TextureTTDemo.framework in Frameworks */ = {isa = PBXBuildFile; fileRef = 9A4DC68272A8E1416D53EAD9 /* Pods_TextureTTDemo.framework */; };
		2B82810E292751C2007E18F4 /* AppDelegate.swift in Sources */ = {isa = PBXBuildFile; fileRef = 2B82810D292751C2007E18F4 /* AppDelegate.swift */; };
		2B828110292751C2007E18F4 /* SceneDelegate.swift in Sources */ = {isa = PBXBuildFile; fileRef = 2B82810F292751C2007E18F4 /* SceneDelegate.swift */; };
		2B828117292751C4007E18F4 /* Assets.xcassets in Resources */ = {isa = PBXBuildFile; fileRef = 2B828116292751C4007E18F4 /* Assets.xcassets */; };
		2B82811A292751C4007E18F4 /* LaunchScreen.storyboard in Resources */ = {isa = PBXBuildFile; fileRef = 2B828118292751C4007E18F4 /* LaunchScreen.storyboard */; };
		2BA201EA292B6689002061F3 /* ViewController.m in Sources */ = {isa = PBXBuildFile; fileRef = 2BA201E9292B6689002061F3 /* ViewController.m */; };
		2BDB96B329309276004AD20E /* LiveCollectionViewCell.m in Sources */ = {isa = PBXBuildFile; fileRef = 2BDB96B229309276004AD20E /* LiveCollectionViewCell.m */; };
		2BDB96BA293098D0004AD20E /* DemoViewController.m in Sources */ = {isa = PBXBuildFile; fileRef = 2BDB96B9293098D0004AD20E /* DemoViewController.m */; };
		2BDB96BD29309942004AD20E /* EntryViewController.m in Sources */ = {isa = PBXBuildFile; fileRef = 2BDB96BC29309942004AD20E /* EntryViewController.m */; };
/* End PBXBuildFile section */

/* Begin PBXFileReference section */
		1220D7DF704074D2890C5293 /* Pods-TextureTTDemo.debug.xcconfig */ = {isa = PBXFileReference; includeInIndex = 1; lastKnownFileType = text.xcconfig; name = "Pods-TextureTTDemo.debug.xcconfig"; path = "Target Support Files/Pods-TextureTTDemo/Pods-TextureTTDemo.debug.xcconfig"; sourceTree = "<group>"; };
		2B82810A292751C2007E18F4 /* TextureTTDemo.app */ = {isa = PBXFileReference; explicitFileType = wrapper.application; includeInIndex = 0; path = TextureTTDemo.app; sourceTree = BUILT_PRODUCTS_DIR; };
		2B82810D292751C2007E18F4 /* AppDelegate.swift */ = {isa = PBXFileReference; lastKnownFileType = sourcecode.swift; path = AppDelegate.swift; sourceTree = "<group>"; };
		2B82810F292751C2007E18F4 /* SceneDelegate.swift */ = {isa = PBXFileReference; lastKnownFileType = sourcecode.swift; path = SceneDelegate.swift; sourceTree = "<group>"; };
		2B828116292751C4007E18F4 /* Assets.xcassets */ = {isa = PBXFileReference; lastKnownFileType = folder.assetcatalog; path = Assets.xcassets; sourceTree = "<group>"; };
		2B828119292751C4007E18F4 /* Base */ = {isa = PBXFileReference; lastKnownFileType = file.storyboard; name = Base; path = Base.lproj/LaunchScreen.storyboard; sourceTree = "<group>"; };
		2B82811B292751C4007E18F4 /* Info.plist */ = {isa = PBXFileReference; lastKnownFileType = text.plist.xml; path = Info.plist; sourceTree = "<group>"; };
		2BA201E9292B6689002061F3 /* ViewController.m */ = {isa = PBXFileReference; lastKnownFileType = sourcecode.c.objc; path = ViewController.m; sourceTree = "<group>"; };
		2BA201EB292B669C002061F3 /* ViewController.h */ = {isa = PBXFileReference; lastKnownFileType = sourcecode.c.h; path = ViewController.h; sourceTree = "<group>"; };
		2BDB96B229309276004AD20E /* LiveCollectionViewCell.m */ = {isa = PBXFileReference; lastKnownFileType = sourcecode.c.objc; path = LiveCollectionViewCell.m; sourceTree = "<group>"; };
		2BDB96B42930928F004AD20E /* LiveCollectionViewCell.h */ = {isa = PBXFileReference; lastKnownFileType = sourcecode.c.h; path = LiveCollectionViewCell.h; sourceTree = "<group>"; };
		2BDB96B52930935F004AD20E /* TextureTTDemo-Bridging-Header.h */ = {isa = PBXFileReference; lastKnownFileType = sourcecode.c.h; path = "TextureTTDemo-Bridging-Header.h"; sourceTree = "<group>"; };
		2BDB96B8293098A8004AD20E /* DemoViewController.h */ = {isa = PBXFileReference; lastKnownFileType = sourcecode.c.h; path = DemoViewController.h; sourceTree = "<group>"; };
		2BDB96B9293098D0004AD20E /* DemoViewController.m */ = {isa = PBXFileReference; lastKnownFileType = sourcecode.c.objc; path = DemoViewController.m; sourceTree = "<group>"; };
		2BDB96BB29309938004AD20E /* EntryViewController.h */ = {isa = PBXFileReference; lastKnownFileType = sourcecode.c.h; path = EntryViewController.h; sourceTree = "<group>"; };
		2BDB96BC29309942004AD20E /* EntryViewController.m */ = {isa = PBXFileReference; lastKnownFileType = sourcecode.c.objc; path = EntryViewController.m; sourceTree = "<group>"; };
		65DEE71FF7B93DDFB1E2FDDB /* Pods-TextureTTDemo.release.xcconfig */ = {isa = PBXFileReference; includeInIndex = 1; lastKnownFileType = text.xcconfig; name = "Pods-TextureTTDemo.release.xcconfig"; path = "Target Support Files/Pods-TextureTTDemo/Pods-TextureTTDemo.release.xcconfig"; sourceTree = "<group>"; };
		9A4DC68272A8E1416D53EAD9 /* Pods_TextureTTDemo.framework */ = {isa = PBXFileReference; explicitFileType = wrapper.framework; includeInIndex = 0; path = Pods_TextureTTDemo.framework; sourceTree = BUILT_PRODUCTS_DIR; };
/* End PBXFileReference section */

/* Begin PBXFrameworksBuildPhase section */
		2B828107292751C2007E18F4 /* Frameworks */ = {
			isa = PBXFrameworksBuildPhase;
			buildActionMask = 2147483647;
			files = (
				18B6BDF450F7E462685324DD /* Pods_TextureTTDemo.framework in Frameworks */,
			);
			runOnlyForDeploymentPostprocessing = 0;
		};
/* End PBXFrameworksBuildPhase section */

/* Begin PBXGroup section */
		2B828101292751C2007E18F4 = {
			isa = PBXGroup;
			children = (
				2B82810C292751C2007E18F4 /* TextureTTDemo */,
				2B82810B292751C2007E18F4 /* Products */,
				5716902D844FCB5D0996133D /* Pods */,
				EF88BEB49B5604C31151EC66 /* Frameworks */,
			);
			sourceTree = "<group>";
		};
		2B82810B292751C2007E18F4 /* Products */ = {
			isa = PBXGroup;
			children = (
				2B82810A292751C2007E18F4 /* TextureTTDemo.app */,
			);
			name = Products;
			sourceTree = "<group>";
		};
		2B82810C292751C2007E18F4 /* TextureTTDemo */ = {
			isa = PBXGroup;
			children = (
				2BDB96B729309878004AD20E /* Demo */,
				2BDB96B629309871004AD20E /* Feature */,
				2B82810D292751C2007E18F4 /* AppDelegate.swift */,
				2B82810F292751C2007E18F4 /* SceneDelegate.swift */,
				2BDB96B52930935F004AD20E /* TextureTTDemo-Bridging-Header.h */,
				2B828116292751C4007E18F4 /* Assets.xcassets */,
				2B828118292751C4007E18F4 /* LaunchScreen.storyboard */,
				2B82811B292751C4007E18F4 /* Info.plist */,
				2BA201E9292B6689002061F3 /* ViewController.m */,
				2BA201EB292B669C002061F3 /* ViewController.h */,
				2BDB96B229309276004AD20E /* LiveCollectionViewCell.m */,
				2BDB96B42930928F004AD20E /* LiveCollectionViewCell.h */,
				2BDB96BB29309938004AD20E /* EntryViewController.h */,
				2BDB96BC29309942004AD20E /* EntryViewController.m */,
			);
			path = TextureTTDemo;
			sourceTree = "<group>";
		};
		2BDB96B629309871004AD20E /* Feature */ = {
			isa = PBXGroup;
			children = (
			);
			path = Feature;
			sourceTree = "<group>";
		};
		2BDB96B729309878004AD20E /* Demo */ = {
			isa = PBXGroup;
			children = (
				2BDB96B8293098A8004AD20E /* DemoViewController.h */,
				2BDB96B9293098D0004AD20E /* DemoViewController.m */,
			);
			path = Demo;
			sourceTree = "<group>";
		};
		5716902D844FCB5D0996133D /* Pods */ = {
			isa = PBXGroup;
			children = (
				1220D7DF704074D2890C5293 /* Pods-TextureTTDemo.debug.xcconfig */,
				65DEE71FF7B93DDFB1E2FDDB /* Pods-TextureTTDemo.release.xcconfig */,
			);
			path = Pods;
			sourceTree = "<group>";
		};
		EF88BEB49B5604C31151EC66 /* Frameworks */ = {
			isa = PBXGroup;
			children = (
				9A4DC68272A8E1416D53EAD9 /* Pods_TextureTTDemo.framework */,
			);
			name = Frameworks;
			sourceTree = "<group>";
		};
/* End PBXGroup section */

/* Begin PBXNativeTarget section */
		2B828109292751C2007E18F4 /* TextureTTDemo */ = {
			isa = PBXNativeTarget;
			buildConfigurationList = 2B82811E292751C4007E18F4 /* Build configuration list for PBXNativeTarget "TextureTTDemo" */;
			buildPhases = (
				4D226444EE3987FACA10E200 /* [CP] Check Pods Manifest.lock */,
				2B828106292751C2007E18F4 /* Sources */,
				2B828107292751C2007E18F4 /* Frameworks */,
				2B828108292751C2007E18F4 /* Resources */,
				2F0A8FE39C7631B230EC330A /* [CP] Embed Pods Frameworks */,
			);
			buildRules = (
			);
			dependencies = (
			);
			name = TextureTTDemo;
			productName = TextureTTDemo;
			productReference = 2B82810A292751C2007E18F4 /* TextureTTDemo.app */;
			productType = "com.apple.product-type.application";
		};
/* End PBXNativeTarget section */

/* Begin PBXProject section */
		2B828102292751C2007E18F4 /* Project object */ = {
			isa = PBXProject;
			attributes = {
				BuildIndependentTargetsInParallel = 1;
				LastSwiftUpdateCheck = 1400;
				LastUpgradeCheck = 1400;
				TargetAttributes = {
					2B828109292751C2007E18F4 = {
						CreatedOnToolsVersion = 14.0.1;
						LastSwiftMigration = 1400;
					};
				};
			};
			buildConfigurationList = 2B828105292751C2007E18F4 /* Build configuration list for PBXProject "TextureTTDemo" */;
			compatibilityVersion = "Xcode 13.0";
			developmentRegion = en;
			hasScannedForEncodings = 0;
			knownRegions = (
				en,
				Base,
			);
			mainGroup = 2B828101292751C2007E18F4;
			productRefGroup = 2B82810B292751C2007E18F4 /* Products */;
			projectDirPath = "";
			projectRoot = "";
			targets = (
				2B828109292751C2007E18F4 /* TextureTTDemo */,
			);
		};
/* End PBXProject section */

/* Begin PBXResourcesBuildPhase section */
		2B828108292751C2007E18F4 /* Resources */ = {
			isa = PBXResourcesBuildPhase;
			buildActionMask = 2147483647;
			files = (
				2B82811A292751C4007E18F4 /* LaunchScreen.storyboard in Resources */,
				2B828117292751C4007E18F4 /* Assets.xcassets in Resources */,
			);
			runOnlyForDeploymentPostprocessing = 0;
		};
/* End PBXResourcesBuildPhase section */

/* Begin PBXShellScriptBuildPhase section */
		2F0A8FE39C7631B230EC330A /* [CP] Embed Pods Frameworks */ = {
			isa = PBXShellScriptBuildPhase;
			buildActionMask = 2147483647;
			files = (
			);
			inputFileListPaths = (
				"${PODS_ROOT}/Target Support Files/Pods-TextureTTDemo/Pods-TextureTTDemo-frameworks-${CONFIGURATION}-input-files.xcfilelist",
			);
			name = "[CP] Embed Pods Frameworks";
			outputFileListPaths = (
				"${PODS_ROOT}/Target Support Files/Pods-TextureTTDemo/Pods-TextureTTDemo-frameworks-${CONFIGURATION}-output-files.xcfilelist",
			);
			runOnlyForDeploymentPostprocessing = 0;
			shellPath = /bin/sh;
			shellScript = "\"${PODS_ROOT}/Target Support Files/Pods-TextureTTDemo/Pods-TextureTTDemo-frameworks.sh\"\n";
			showEnvVarsInLog = 0;
		};
		4D226444EE3987FACA10E200 /* [CP] Check Pods Manifest.lock */ = {
			isa = PBXShellScriptBuildPhase;
			buildActionMask = 2147483647;
			files = (
			);
			inputFileListPaths = (
			);
			inputPaths = (
				"${PODS_PODFILE_DIR_PATH}/Podfile.lock",
				"${PODS_ROOT}/Manifest.lock",
			);
			name = "[CP] Check Pods Manifest.lock";
			outputFileListPaths = (
			);
			outputPaths = (
				"$(DERIVED_FILE_DIR)/Pods-TextureTTDemo-checkManifestLockResult.txt",
			);
			runOnlyForDeploymentPostprocessing = 0;
			shellPath = /bin/sh;
			shellScript = "diff \"${PODS_PODFILE_DIR_PATH}/Podfile.lock\" \"${PODS_ROOT}/Manifest.lock\" > /dev/null\nif [ $? != 0 ] ; then\n    # print error to STDERR\n    echo \"error: The sandbox is not in sync with the Podfile.lock. Run 'pod install' or update your CocoaPods installation.\" >&2\n    exit 1\nfi\n# This output is used by Xcode 'outputs' to avoid re-running this script phase.\necho \"SUCCESS\" > \"${SCRIPT_OUTPUT_FILE_0}\"\n";
			showEnvVarsInLog = 0;
		};
/* End PBXShellScriptBuildPhase section */

/* Begin PBXSourcesBuildPhase section */
		2B828106292751C2007E18F4 /* Sources */ = {
			isa = PBXSourcesBuildPhase;
			buildActionMask = 2147483647;
			files = (
				2BA201EA292B6689002061F3 /* ViewController.m in Sources */,
				2BDB96BD29309942004AD20E /* EntryViewController.m in Sources */,
				2BDB96B329309276004AD20E /* LiveCollectionViewCell.m in Sources */,
				2B82810E292751C2007E18F4 /* AppDelegate.swift in Sources */,
				2BDB96BA293098D0004AD20E /* DemoViewController.m in Sources */,
				2B828110292751C2007E18F4 /* SceneDelegate.swift in Sources */,
			);
			runOnlyForDeploymentPostprocessing = 0;
		};
/* End PBXSourcesBuildPhase section */

/* Begin PBXVariantGroup section */
		2B828118292751C4007E18F4 /* LaunchScreen.storyboard */ = {
			isa = PBXVariantGroup;
			children = (
				2B828119292751C4007E18F4 /* Base */,
			);
			name = LaunchScreen.storyboard;
			sourceTree = "<group>";
		};
/* End PBXVariantGroup section */

/* Begin XCBuildConfiguration section */
		2B82811C292751C4007E18F4 /* Debug */ = {
			isa = XCBuildConfiguration;
			buildSettings = {
				ALWAYS_SEARCH_USER_PATHS = NO;
				CLANG_ANALYZER_NONNULL = YES;
				CLANG_ANALYZER_NUMBER_OBJECT_CONVERSION = YES_AGGRESSIVE;
				CLANG_CXX_LANGUAGE_STANDARD = "gnu++20";
				CLANG_ENABLE_MODULES = YES;
				CLANG_ENABLE_OBJC_ARC = YES;
				CLANG_ENABLE_OBJC_WEAK = YES;
				CLANG_WARN_BLOCK_CAPTURE_AUTORELEASING = YES;
				CLANG_WARN_BOOL_CONVERSION = YES;
				CLANG_WARN_COMMA = YES;
				CLANG_WARN_CONSTANT_CONVERSION = YES;
				CLANG_WARN_DEPRECATED_OBJC_IMPLEMENTATIONS = YES;
				CLANG_WARN_DIRECT_OBJC_ISA_USAGE = YES_ERROR;
				CLANG_WARN_DOCUMENTATION_COMMENTS = YES;
				CLANG_WARN_EMPTY_BODY = YES;
				CLANG_WARN_ENUM_CONVERSION = YES;
				CLANG_WARN_INFINITE_RECURSION = YES;
				CLANG_WARN_INT_CONVERSION = YES;
				CLANG_WARN_NON_LITERAL_NULL_CONVERSION = YES;
				CLANG_WARN_OBJC_IMPLICIT_RETAIN_SELF = YES;
				CLANG_WARN_OBJC_LITERAL_CONVERSION = YES;
				CLANG_WARN_OBJC_ROOT_CLASS = YES_ERROR;
				CLANG_WARN_QUOTED_INCLUDE_IN_FRAMEWORK_HEADER = YES;
				CLANG_WARN_RANGE_LOOP_ANALYSIS = YES;
				CLANG_WARN_STRICT_PROTOTYPES = YES;
				CLANG_WARN_SUSPICIOUS_MOVE = YES;
				CLANG_WARN_UNGUARDED_AVAILABILITY = YES_AGGRESSIVE;
				CLANG_WARN_UNREACHABLE_CODE = YES;
				CLANG_WARN__DUPLICATE_METHOD_MATCH = YES;
				COPY_PHASE_STRIP = NO;
				DEBUG_INFORMATION_FORMAT = dwarf;
				ENABLE_STRICT_OBJC_MSGSEND = YES;
				ENABLE_TESTABILITY = YES;
				GCC_C_LANGUAGE_STANDARD = gnu11;
				GCC_DYNAMIC_NO_PIC = NO;
				GCC_NO_COMMON_BLOCKS = YES;
				GCC_OPTIMIZATION_LEVEL = 0;
				GCC_PREPROCESSOR_DEFINITIONS = (
					"DEBUG=1",
					"$(inherited)",
				);
				GCC_WARN_64_TO_32_BIT_CONVERSION = YES;
				GCC_WARN_ABOUT_RETURN_TYPE = YES_ERROR;
				GCC_WARN_UNDECLARED_SELECTOR = YES;
				GCC_WARN_UNINITIALIZED_AUTOS = YES_AGGRESSIVE;
				GCC_WARN_UNUSED_FUNCTION = YES;
				GCC_WARN_UNUSED_VARIABLE = YES;
				IPHONEOS_DEPLOYMENT_TARGET = 11;
				MTL_ENABLE_DEBUG_INFO = INCLUDE_SOURCE;
				MTL_FAST_MATH = YES;
				ONLY_ACTIVE_ARCH = YES;
				SDKROOT = iphoneos;
				SWIFT_ACTIVE_COMPILATION_CONDITIONS = DEBUG;
				SWIFT_OPTIMIZATION_LEVEL = "-Onone";
			};
			name = Debug;
		};
		2B82811D292751C4007E18F4 /* Release */ = {
			isa = XCBuildConfiguration;
			buildSettings = {
				ALWAYS_SEARCH_USER_PATHS = NO;
				CLANG_ANALYZER_NONNULL = YES;
				CLANG_ANALYZER_NUMBER_OBJECT_CONVERSION = YES_AGGRESSIVE;
				CLANG_CXX_LANGUAGE_STANDARD = "gnu++20";
				CLANG_ENABLE_MODULES = YES;
				CLANG_ENABLE_OBJC_ARC = YES;
				CLANG_ENABLE_OBJC_WEAK = YES;
				CLANG_WARN_BLOCK_CAPTURE_AUTORELEASING = YES;
				CLANG_WARN_BOOL_CONVERSION = YES;
				CLANG_WARN_COMMA = YES;
				CLANG_WARN_CONSTANT_CONVERSION = YES;
				CLANG_WARN_DEPRECATED_OBJC_IMPLEMENTATIONS = YES;
				CLANG_WARN_DIRECT_OBJC_ISA_USAGE = YES_ERROR;
				CLANG_WARN_DOCUMENTATION_COMMENTS = YES;
				CLANG_WARN_EMPTY_BODY = YES;
				CLANG_WARN_ENUM_CONVERSION = YES;
				CLANG_WARN_INFINITE_RECURSION = YES;
				CLANG_WARN_INT_CONVERSION = YES;
				CLANG_WARN_NON_LITERAL_NULL_CONVERSION = YES;
				CLANG_WARN_OBJC_IMPLICIT_RETAIN_SELF = YES;
				CLANG_WARN_OBJC_LITERAL_CONVERSION = YES;
				CLANG_WARN_OBJC_ROOT_CLASS = YES_ERROR;
				CLANG_WARN_QUOTED_INCLUDE_IN_FRAMEWORK_HEADER = YES;
				CLANG_WARN_RANGE_LOOP_ANALYSIS = YES;
				CLANG_WARN_STRICT_PROTOTYPES = YES;
				CLANG_WARN_SUSPICIOUS_MOVE = YES;
				CLANG_WARN_UNGUARDED_AVAILABILITY = YES_AGGRESSIVE;
				CLANG_WARN_UNREACHABLE_CODE = YES;
				CLANG_WARN__DUPLICATE_METHOD_MATCH = YES;
				COPY_PHASE_STRIP = NO;
				DEBUG_INFORMATION_FORMAT = "dwarf-with-dsym";
				ENABLE_NS_ASSERTIONS = NO;
				ENABLE_STRICT_OBJC_MSGSEND = YES;
				GCC_C_LANGUAGE_STANDARD = gnu11;
				GCC_NO_COMMON_BLOCKS = YES;
				GCC_WARN_64_TO_32_BIT_CONVERSION = YES;
				GCC_WARN_ABOUT_RETURN_TYPE = YES_ERROR;
				GCC_WARN_UNDECLARED_SELECTOR = YES;
				GCC_WARN_UNINITIALIZED_AUTOS = YES_AGGRESSIVE;
				GCC_WARN_UNUSED_FUNCTION = YES;
				GCC_WARN_UNUSED_VARIABLE = YES;
				IPHONEOS_DEPLOYMENT_TARGET = 11;
				MTL_ENABLE_DEBUG_INFO = NO;
				MTL_FAST_MATH = YES;
				SDKROOT = iphoneos;
				SWIFT_COMPILATION_MODE = wholemodule;
				SWIFT_OPTIMIZATION_LEVEL = "-O";
				VALIDATE_PRODUCT = YES;
			};
			name = Release;
		};
		2B82811F292751C4007E18F4 /* Debug */ = {
			isa = XCBuildConfiguration;
			baseConfigurationReference = 1220D7DF704074D2890C5293 /* Pods-TextureTTDemo.debug.xcconfig */;
			buildSettings = {
				ASSETCATALOG_COMPILER_APPICON_NAME = AppIcon;
				ASSETCATALOG_COMPILER_GLOBAL_ACCENT_COLOR_NAME = AccentColor;
				CLANG_ENABLE_MODULES = YES;
				CODE_SIGN_STYLE = Automatic;
				CURRENT_PROJECT_VERSION = 1;
				DEVELOPMENT_TEAM = BAD847M22D;
				GENERATE_INFOPLIST_FILE = YES;
				INFOPLIST_FILE = TextureTTDemo/Info.plist;
				INFOPLIST_KEY_UIApplicationSupportsIndirectInputEvents = YES;
				INFOPLIST_KEY_UILaunchStoryboardName = LaunchScreen;
				INFOPLIST_KEY_UISupportedInterfaceOrientations_iPad = "UIInterfaceOrientationPortrait UIInterfaceOrientationPortraitUpsideDown UIInterfaceOrientationLandscapeLeft UIInterfaceOrientationLandscapeRight";
				INFOPLIST_KEY_UISupportedInterfaceOrientations_iPhone = "UIInterfaceOrientationPortrait UIInterfaceOrientationLandscapeLeft UIInterfaceOrientationLandscapeRight";
				IPHONEOS_DEPLOYMENT_TARGET = 13.1;
				LD_RUNPATH_SEARCH_PATHS = (
					"$(inherited)",
					"@executable_path/Frameworks",
				);
				MARKETING_VERSION = 1.0;
				PRODUCT_BUNDLE_IDENTIFIER = com.aryasurya.TextureTTDemo;
				PRODUCT_NAME = "$(TARGET_NAME)";
				SWIFT_EMIT_LOC_STRINGS = YES;
				SWIFT_OBJC_BRIDGING_HEADER = "TextureTTDemo/TextureTTDemo-Bridging-Header.h";
				SWIFT_OPTIMIZATION_LEVEL = "-Onone";
				SWIFT_VERSION = 5.0;
				TARGETED_DEVICE_FAMILY = "1,2";
			};
			name = Debug;
		};
		2B828120292751C4007E18F4 /* Release */ = {
			isa = XCBuildConfiguration;
			baseConfigurationReference = 65DEE71FF7B93DDFB1E2FDDB /* Pods-TextureTTDemo.release.xcconfig */;
			buildSettings = {
				ASSETCATALOG_COMPILER_APPICON_NAME = AppIcon;
				ASSETCATALOG_COMPILER_GLOBAL_ACCENT_COLOR_NAME = AccentColor;
				CLANG_ENABLE_MODULES = YES;
				CODE_SIGN_STYLE = Automatic;
				CURRENT_PROJECT_VERSION = 1;
				DEVELOPMENT_TEAM = BAD847M22D;
				GENERATE_INFOPLIST_FILE = YES;
				INFOPLIST_FILE = TextureTTDemo/Info.plist;
				INFOPLIST_KEY_UIApplicationSupportsIndirectInputEvents = YES;
				INFOPLIST_KEY_UILaunchStoryboardName = LaunchScreen;
				INFOPLIST_KEY_UISupportedInterfaceOrientations_iPad = "UIInterfaceOrientationPortrait UIInterfaceOrientationPortraitUpsideDown UIInterfaceOrientationLandscapeLeft UIInterfaceOrientationLandscapeRight";
				INFOPLIST_KEY_UISupportedInterfaceOrientations_iPhone = "UIInterfaceOrientationPortrait UIInterfaceOrientationLandscapeLeft UIInterfaceOrientationLandscapeRight";
				IPHONEOS_DEPLOYMENT_TARGET = 13.1;
				LD_RUNPATH_SEARCH_PATHS = (
					"$(inherited)",
					"@executable_path/Frameworks",
				);
				MARKETING_VERSION = 1.0;
				PRODUCT_BUNDLE_IDENTIFIER = com.aryasurya.TextureTTDemo;
				PRODUCT_NAME = "$(TARGET_NAME)";
				SWIFT_EMIT_LOC_STRINGS = YES;
				SWIFT_OBJC_BRIDGING_HEADER = "TextureTTDemo/TextureTTDemo-Bridging-Header.h";
				SWIFT_VERSION = 5.0;
				TARGETED_DEVICE_FAMILY = "1,2";
			};
			name = Release;
		};
/* End XCBuildConfiguration section */

/* Begin XCConfigurationList section */
		2B828105292751C2007E18F4 /* Build configuration list for PBXProject "TextureTTDemo" */ = {
			isa = XCConfigurationList;
			buildConfigurations = (
				2B82811C292751C4007E18F4 /* Debug */,
				2B82811D292751C4007E18F4 /* Release */,
			);
			defaultConfigurationIsVisible = 0;
			defaultConfigurationName = Release;
		};
		2B82811E292751C4007E18F4 /* Build configuration list for PBXNativeTarget "TextureTTDemo" */ = {
			isa = XCConfigurationList;
			buildConfigurations = (
				2B82811F292751C4007E18F4 /* Debug */,
				2B828120292751C4007E18F4 /* Release */,
			);
			defaultConfigurationIsVisible = 0;
			defaultConfigurationName = Release;
		};
/* End XCConfigurationList section */
	};
	rootObject = 2B828102292751C2007E18F4 /* Project object */;
}
